// !$*UTF8*$!
{
	archiveVersion = 1;
	classes = {
	};
	objectVersion = 48;
	objects = {

/* Begin PBXBuildFile section */
		0225F028226F048281FB4415 /* libPods-SJM3U8DownloadProject.a in Frameworks */ = {isa = PBXBuildFile; fileRef = 09FB371C5E9453012A21A9CE /* libPods-SJM3U8DownloadProject.a */; };
		9EA00D6D3311294223F8808F /* libPods-SJM3U8DownloadProjectTests.a in Frameworks */ = {isa = PBXBuildFile; fileRef = 2A218620AF52DDAD9DA18F42 /* libPods-SJM3U8DownloadProjectTests.a */; };
		A620D47E1F867EED00E2DE51 /* SJDownloadServer.m in Sources */ = {isa = PBXBuildFile; fileRef = A620D47D1F867EED00E2DE51 /* SJDownloadServer.m */; };
		A620D4811F868CB700E2DE51 /* SJTsEntity.m in Sources */ = {isa = PBXBuildFile; fileRef = A620D4801F868CB700E2DE51 /* SJTsEntity.m */; };
		A62AB4891F836C4E007CB096 /* AppDelegate.m in Sources */ = {isa = PBXBuildFile; fileRef = A62AB4881F836C4E007CB096 /* AppDelegate.m */; };
		A62AB48C1F836C4E007CB096 /* ViewController.m in Sources */ = {isa = PBXBuildFile; fileRef = A62AB48B1F836C4E007CB096 /* ViewController.m */; };
		A62AB48F1F836C4E007CB096 /* Main.storyboard in Resources */ = {isa = PBXBuildFile; fileRef = A62AB48D1F836C4E007CB096 /* Main.storyboard */; };
		A62AB4911F836C4E007CB096 /* Assets.xcassets in Resources */ = {isa = PBXBuildFile; fileRef = A62AB4901F836C4E007CB096 /* Assets.xcassets */; };
		A62AB4941F836C4E007CB096 /* LaunchScreen.storyboard in Resources */ = {isa = PBXBuildFile; fileRef = A62AB4921F836C4E007CB096 /* LaunchScreen.storyboard */; };
		A62AB4971F836C4E007CB096 /* main.m in Sources */ = {isa = PBXBuildFile; fileRef = A62AB4961F836C4E007CB096 /* main.m */; };
		A62AB4A11F836C4F007CB096 /* SJM3U8DownloadProjectTests.m in Sources */ = {isa = PBXBuildFile; fileRef = A62AB4A01F836C4F007CB096 /* SJM3U8DownloadProjectTests.m */; };
		A62AB4AC1F836C4F007CB096 /* SJM3U8DownloadProjectUITests.m in Sources */ = {isa = PBXBuildFile; fileRef = A62AB4AB1F836C4F007CB096 /* SJM3U8DownloadProjectUITests.m */; };
		CD477C7E8684F6FD915C4BEC /* libPods-SJM3U8DownloadProjectUITests.a in Frameworks */ = {isa = PBXBuildFile; fileRef = F9EA1AEC7DE5104DBBD74519 /* libPods-SJM3U8DownloadProjectUITests.a */; };
/* End PBXBuildFile section */

/* Begin PBXContainerItemProxy section */
		A62AB49D1F836C4F007CB096 /* PBXContainerItemProxy */ = {
			isa = PBXContainerItemProxy;
			containerPortal = A62AB47C1F836C4E007CB096 /* Project object */;
			proxyType = 1;
			remoteGlobalIDString = A62AB4831F836C4E007CB096;
			remoteInfo = SJM3U8DownloadProject;
		};
		A62AB4A81F836C4F007CB096 /* PBXContainerItemProxy */ = {
			isa = PBXContainerItemProxy;
			containerPortal = A62AB47C1F836C4E007CB096 /* Project object */;
			proxyType = 1;
			remoteGlobalIDString = A62AB4831F836C4E007CB096;
			remoteInfo = SJM3U8DownloadProject;
		};
/* End PBXContainerItemProxy section */

/* Begin PBXFileReference section */
		09FB371C5E9453012A21A9CE /* libPods-SJM3U8DownloadProject.a */ = {isa = PBXFileReference; explicitFileType = archive.ar; includeInIndex = 0; path = "libPods-SJM3U8DownloadProject.a"; sourceTree = BUILT_PRODUCTS_DIR; };
		2A218620AF52DDAD9DA18F42 /* libPods-SJM3U8DownloadProjectTests.a */ = {isa = PBXFileReference; explicitFileType = archive.ar; includeInIndex = 0; path = "libPods-SJM3U8DownloadProjectTests.a"; sourceTree = BUILT_PRODUCTS_DIR; };
		3E663656FC6676D9E1D8128C /* Pods-SJM3U8DownloadProjectTests.debug.xcconfig */ = {isa = PBXFileReference; includeInIndex = 1; lastKnownFileType = text.xcconfig; name = "Pods-SJM3U8DownloadProjectTests.debug.xcconfig"; path = "Pods/Target Support Files/Pods-SJM3U8DownloadProjectTests/Pods-SJM3U8DownloadProjectTests.debug.xcconfig"; sourceTree = "<group>"; };
		42CBE9517E4AD1B820DF5DD6 /* Pods-SJM3U8DownloadProject.release.xcconfig */ = {isa = PBXFileReference; includeInIndex = 1; lastKnownFileType = text.xcconfig; name = "Pods-SJM3U8DownloadProject.release.xcconfig"; path = "Pods/Target Support Files/Pods-SJM3U8DownloadProject/Pods-SJM3U8DownloadProject.release.xcconfig"; sourceTree = "<group>"; };
		44E9D326E6F453E27EB8FA5D /* Pods-SJM3U8DownloadProject.debug.xcconfig */ = {isa = PBXFileReference; includeInIndex = 1; lastKnownFileType = text.xcconfig; name = "Pods-SJM3U8DownloadProject.debug.xcconfig"; path = "Pods/Target Support Files/Pods-SJM3U8DownloadProject/Pods-SJM3U8DownloadProject.debug.xcconfig"; sourceTree = "<group>"; };
		5306FD4CFA5B36577AF04225 /* Pods-SJM3U8DownloadProjectUITests.release.xcconfig */ = {isa = PBXFileReference; includeInIndex = 1; lastKnownFileType = text.xcconfig; name = "Pods-SJM3U8DownloadProjectUITests.release.xcconfig"; path = "Pods/Target Support Files/Pods-SJM3U8DownloadProjectUITests/Pods-SJM3U8DownloadProjectUITests.release.xcconfig"; sourceTree = "<group>"; };
		A620D47C1F867EED00E2DE51 /* SJDownloadServer.h */ = {isa = PBXFileReference; lastKnownFileType = sourcecode.c.h; path = SJDownloadServer.h; sourceTree = "<group>"; };
		A620D47D1F867EED00E2DE51 /* SJDownloadServer.m */ = {isa = PBXFileReference; lastKnownFileType = sourcecode.c.objc; path = SJDownloadServer.m; sourceTree = "<group>"; };
		A620D47F1F868CB700E2DE51 /* SJTsEntity.h */ = {isa = PBXFileReference; lastKnownFileType = sourcecode.c.h; path = SJTsEntity.h; sourceTree = "<group>"; };
		A620D4801F868CB700E2DE51 /* SJTsEntity.m */ = {isa = PBXFileReference; lastKnownFileType = sourcecode.c.objc; path = SJTsEntity.m; sourceTree = "<group>"; };
		A62AB4841F836C4E007CB096 /* SJM3U8DownloadProject.app */ = {isa = PBXFileReference; explicitFileType = wrapper.application; includeInIndex = 0; path = SJM3U8DownloadProject.app; sourceTree = BUILT_PRODUCTS_DIR; };
		A62AB4871F836C4E007CB096 /* AppDelegate.h */ = {isa = PBXFileReference; lastKnownFileType = sourcecode.c.h; path = AppDelegate.h; sourceTree = "<group>"; };
		A62AB4881F836C4E007CB096 /* AppDelegate.m */ = {isa = PBXFileReference; lastKnownFileType = sourcecode.c.objc; path = AppDelegate.m; sourceTree = "<group>"; };
		A62AB48A1F836C4E007CB096 /* ViewController.h */ = {isa = PBXFileReference; lastKnownFileType = sourcecode.c.h; path = ViewController.h; sourceTree = "<group>"; };
		A62AB48B1F836C4E007CB096 /* ViewController.m */ = {isa = PBXFileReference; lastKnownFileType = sourcecode.c.objc; path = ViewController.m; sourceTree = "<group>"; };
		A62AB48E1F836C4E007CB096 /* Base */ = {isa = PBXFileReference; lastKnownFileType = file.storyboard; name = Base; path = Base.lproj/Main.storyboard; sourceTree = "<group>"; };
		A62AB4901F836C4E007CB096 /* Assets.xcassets */ = {isa = PBXFileReference; lastKnownFileType = folder.assetcatalog; path = Assets.xcassets; sourceTree = "<group>"; };
		A62AB4931F836C4E007CB096 /* Base */ = {isa = PBXFileReference; lastKnownFileType = file.storyboard; name = Base; path = Base.lproj/LaunchScreen.storyboard; sourceTree = "<group>"; };
		A62AB4951F836C4E007CB096 /* Info.plist */ = {isa = PBXFileReference; lastKnownFileType = text.plist.xml; path = Info.plist; sourceTree = "<group>"; };
		A62AB4961F836C4E007CB096 /* main.m */ = {isa = PBXFileReference; lastKnownFileType = sourcecode.c.objc; path = main.m; sourceTree = "<group>"; };
		A62AB49C1F836C4F007CB096 /* SJM3U8DownloadProjectTests.xctest */ = {isa = PBXFileReference; explicitFileType = wrapper.cfbundle; includeInIndex = 0; path = SJM3U8DownloadProjectTests.xctest; sourceTree = BUILT_PRODUCTS_DIR; };
		A62AB4A01F836C4F007CB096 /* SJM3U8DownloadProjectTests.m */ = {isa = PBXFileReference; lastKnownFileType = sourcecode.c.objc; path = SJM3U8DownloadProjectTests.m; sourceTree = "<group>"; };
		A62AB4A21F836C4F007CB096 /* Info.plist */ = {isa = PBXFileReference; lastKnownFileType = text.plist.xml; path = Info.plist; sourceTree = "<group>"; };
		A62AB4A71F836C4F007CB096 /* SJM3U8DownloadProjectUITests.xctest */ = {isa = PBXFileReference; explicitFileType = wrapper.cfbundle; includeInIndex = 0; path = SJM3U8DownloadProjectUITests.xctest; sourceTree = BUILT_PRODUCTS_DIR; };
		A62AB4AB1F836C4F007CB096 /* SJM3U8DownloadProjectUITests.m */ = {isa = PBXFileReference; lastKnownFileType = sourcecode.c.objc; path = SJM3U8DownloadProjectUITests.m; sourceTree = "<group>"; };
		A62AB4AD1F836C4F007CB096 /* Info.plist */ = {isa = PBXFileReference; lastKnownFileType = text.plist.xml; path = Info.plist; sourceTree = "<group>"; };
		A9EF166C98E8311B5C4BFB52 /* Pods-SJM3U8DownloadProjectTests.release.xcconfig */ = {isa = PBXFileReference; includeInIndex = 1; lastKnownFileType = text.xcconfig; name = "Pods-SJM3U8DownloadProjectTests.release.xcconfig"; path = "Pods/Target Support Files/Pods-SJM3U8DownloadProjectTests/Pods-SJM3U8DownloadProjectTests.release.xcconfig"; sourceTree = "<group>"; };
		E5E329E521FCAC88508522C7 /* Pods-SJM3U8DownloadProjectUITests.debug.xcconfig */ = {isa = PBXFileReference; includeInIndex = 1; lastKnownFileType = text.xcconfig; name = "Pods-SJM3U8DownloadProjectUITests.debug.xcconfig"; path = "Pods/Target Support Files/Pods-SJM3U8DownloadProjectUITests/Pods-SJM3U8DownloadProjectUITests.debug.xcconfig"; sourceTree = "<group>"; };
		F9EA1AEC7DE5104DBBD74519 /* libPods-SJM3U8DownloadProjectUITests.a */ = {isa = PBXFileReference; explicitFileType = archive.ar; includeInIndex = 0; path = "libPods-SJM3U8DownloadProjectUITests.a"; sourceTree = BUILT_PRODUCTS_DIR; };
/* End PBXFileReference section */

/* Begin PBXFrameworksBuildPhase section */
		A62AB4811F836C4E007CB096 /* Frameworks */ = {
			isa = PBXFrameworksBuildPhase;
			buildActionMask = 2147483647;
			files = (
				0225F028226F048281FB4415 /* libPods-SJM3U8DownloadProject.a in Frameworks */,
			);
			runOnlyForDeploymentPostprocessing = 0;
		};
		A62AB4991F836C4F007CB096 /* Frameworks */ = {
			isa = PBXFrameworksBuildPhase;
			buildActionMask = 2147483647;
			files = (
				9EA00D6D3311294223F8808F /* libPods-SJM3U8DownloadProjectTests.a in Frameworks */,
			);
			runOnlyForDeploymentPostprocessing = 0;
		};
		A62AB4A41F836C4F007CB096 /* Frameworks */ = {
			isa = PBXFrameworksBuildPhase;
			buildActionMask = 2147483647;
			files = (
				CD477C7E8684F6FD915C4BEC /* libPods-SJM3U8DownloadProjectUITests.a in Frameworks */,
			);
			runOnlyForDeploymentPostprocessing = 0;
		};
/* End PBXFrameworksBuildPhase section */

/* Begin PBXGroup section */
		9193C8FB555558B72776A41C /* Frameworks */ = {
			isa = PBXGroup;
			children = (
				09FB371C5E9453012A21A9CE /* libPods-SJM3U8DownloadProject.a */,
				2A218620AF52DDAD9DA18F42 /* libPods-SJM3U8DownloadProjectTests.a */,
				F9EA1AEC7DE5104DBBD74519 /* libPods-SJM3U8DownloadProjectUITests.a */,
			);
			name = Frameworks;
			sourceTree = "<group>";
		};
		A620D47B1F867EC100E2DE51 /* DownloadServer */ = {
			isa = PBXGroup;
			children = (
				A620D47C1F867EED00E2DE51 /* SJDownloadServer.h */,
				A620D47D1F867EED00E2DE51 /* SJDownloadServer.m */,
				A620D47F1F868CB700E2DE51 /* SJTsEntity.h */,
				A620D4801F868CB700E2DE51 /* SJTsEntity.m */,
			);
			path = DownloadServer;
			sourceTree = "<group>";
		};
		A62AB47B1F836C4E007CB096 = {
			isa = PBXGroup;
			children = (
				A62AB4861F836C4E007CB096 /* SJM3U8DownloadProject */,
				A62AB49F1F836C4F007CB096 /* SJM3U8DownloadProjectTests */,
				A62AB4AA1F836C4F007CB096 /* SJM3U8DownloadProjectUITests */,
				A62AB4851F836C4E007CB096 /* Products */,
				F4EF48AFCF8C91A99F187D17 /* Pods */,
				9193C8FB555558B72776A41C /* Frameworks */,
			);
			sourceTree = "<group>";
		};
		A62AB4851F836C4E007CB096 /* Products */ = {
			isa = PBXGroup;
			children = (
				A62AB4841F836C4E007CB096 /* SJM3U8DownloadProject.app */,
				A62AB49C1F836C4F007CB096 /* SJM3U8DownloadProjectTests.xctest */,
				A62AB4A71F836C4F007CB096 /* SJM3U8DownloadProjectUITests.xctest */,
			);
			name = Products;
			sourceTree = "<group>";
		};
		A62AB4861F836C4E007CB096 /* SJM3U8DownloadProject */ = {
			isa = PBXGroup;
			children = (
				A62AB4871F836C4E007CB096 /* AppDelegate.h */,
				A62AB4881F836C4E007CB096 /* AppDelegate.m */,
				A62AB48A1F836C4E007CB096 /* ViewController.h */,
				A62AB48B1F836C4E007CB096 /* ViewController.m */,
				A620D47B1F867EC100E2DE51 /* DownloadServer */,
				A62AB48D1F836C4E007CB096 /* Main.storyboard */,
				A62AB4901F836C4E007CB096 /* Assets.xcassets */,
				A62AB4921F836C4E007CB096 /* LaunchScreen.storyboard */,
				A62AB4951F836C4E007CB096 /* Info.plist */,
				A62AB4961F836C4E007CB096 /* main.m */,
			);
			path = SJM3U8DownloadProject;
			sourceTree = "<group>";
		};
		A62AB49F1F836C4F007CB096 /* SJM3U8DownloadProjectTests */ = {
			isa = PBXGroup;
			children = (
				A62AB4A01F836C4F007CB096 /* SJM3U8DownloadProjectTests.m */,
				A62AB4A21F836C4F007CB096 /* Info.plist */,
			);
			path = SJM3U8DownloadProjectTests;
			sourceTree = "<group>";
		};
		A62AB4AA1F836C4F007CB096 /* SJM3U8DownloadProjectUITests */ = {
			isa = PBXGroup;
			children = (
				A62AB4AB1F836C4F007CB096 /* SJM3U8DownloadProjectUITests.m */,
				A62AB4AD1F836C4F007CB096 /* Info.plist */,
			);
			path = SJM3U8DownloadProjectUITests;
			sourceTree = "<group>";
		};
		F4EF48AFCF8C91A99F187D17 /* Pods */ = {
			isa = PBXGroup;
			children = (
				44E9D326E6F453E27EB8FA5D /* Pods-SJM3U8DownloadProject.debug.xcconfig */,
				42CBE9517E4AD1B820DF5DD6 /* Pods-SJM3U8DownloadProject.release.xcconfig */,
				3E663656FC6676D9E1D8128C /* Pods-SJM3U8DownloadProjectTests.debug.xcconfig */,
				A9EF166C98E8311B5C4BFB52 /* Pods-SJM3U8DownloadProjectTests.release.xcconfig */,
				E5E329E521FCAC88508522C7 /* Pods-SJM3U8DownloadProjectUITests.debug.xcconfig */,
				5306FD4CFA5B36577AF04225 /* Pods-SJM3U8DownloadProjectUITests.release.xcconfig */,
			);
			name = Pods;
			sourceTree = "<group>";
		};
/* End PBXGroup section */

/* Begin PBXNativeTarget section */
		A62AB4831F836C4E007CB096 /* SJM3U8DownloadProject */ = {
			isa = PBXNativeTarget;
			buildConfigurationList = A62AB4B01F836C4F007CB096 /* Build configuration list for PBXNativeTarget "SJM3U8DownloadProject" */;
			buildPhases = (
				DF31D6716EFB0411AA7555E7 /* [CP] Check Pods Manifest.lock */,
				A62AB4801F836C4E007CB096 /* Sources */,
				A62AB4811F836C4E007CB096 /* Frameworks */,
				A62AB4821F836C4E007CB096 /* Resources */,
				43D302A308609E28B87E3292 /* [CP] Embed Pods Frameworks */,
				6117A5DA0B9A81A26CA6318E /* [CP] Copy Pods Resources */,
			);
			buildRules = (
			);
			dependencies = (
			);
			name = SJM3U8DownloadProject;
			productName = SJM3U8DownloadProject;
			productReference = A62AB4841F836C4E007CB096 /* SJM3U8DownloadProject.app */;
			productType = "com.apple.product-type.application";
		};
		A62AB49B1F836C4F007CB096 /* SJM3U8DownloadProjectTests */ = {
			isa = PBXNativeTarget;
			buildConfigurationList = A62AB4B31F836C4F007CB096 /* Build configuration list for PBXNativeTarget "SJM3U8DownloadProjectTests" */;
			buildPhases = (
				40482155922C7936CDC7DCB5 /* [CP] Check Pods Manifest.lock */,
				A62AB4981F836C4F007CB096 /* Sources */,
				A62AB4991F836C4F007CB096 /* Frameworks */,
				A62AB49A1F836C4F007CB096 /* Resources */,
				6670BCAF451C85396EDCC1AB /* [CP] Embed Pods Frameworks */,
				738D2BAD24CB1EC9130BA4DC /* [CP] Copy Pods Resources */,
			);
			buildRules = (
			);
			dependencies = (
				A62AB49E1F836C4F007CB096 /* PBXTargetDependency */,
			);
			name = SJM3U8DownloadProjectTests;
			productName = SJM3U8DownloadProjectTests;
			productReference = A62AB49C1F836C4F007CB096 /* SJM3U8DownloadProjectTests.xctest */;
			productType = "com.apple.product-type.bundle.unit-test";
		};
		A62AB4A61F836C4F007CB096 /* SJM3U8DownloadProjectUITests */ = {
			isa = PBXNativeTarget;
			buildConfigurationList = A62AB4B61F836C4F007CB096 /* Build configuration list for PBXNativeTarget "SJM3U8DownloadProjectUITests" */;
			buildPhases = (
				080C4A49C9D4D75590BFCC8A /* [CP] Check Pods Manifest.lock */,
				A62AB4A31F836C4F007CB096 /* Sources */,
				A62AB4A41F836C4F007CB096 /* Frameworks */,
				A62AB4A51F836C4F007CB096 /* Resources */,
				9227EBD1758BE0541906569C /* [CP] Embed Pods Frameworks */,
				673FE50A258780FD047AA3D4 /* [CP] Copy Pods Resources */,
			);
			buildRules = (
			);
			dependencies = (
				A62AB4A91F836C4F007CB096 /* PBXTargetDependency */,
			);
			name = SJM3U8DownloadProjectUITests;
			productName = SJM3U8DownloadProjectUITests;
			productReference = A62AB4A71F836C4F007CB096 /* SJM3U8DownloadProjectUITests.xctest */;
			productType = "com.apple.product-type.bundle.ui-testing";
		};
/* End PBXNativeTarget section */

/* Begin PBXProject section */
		A62AB47C1F836C4E007CB096 /* Project object */ = {
			isa = PBXProject;
			attributes = {
				LastUpgradeCheck = 0900;
				ORGANIZATIONNAME = "畅三江";
				TargetAttributes = {
					A62AB4831F836C4E007CB096 = {
						CreatedOnToolsVersion = 9.0;
						ProvisioningStyle = Manual;
					};
					A62AB49B1F836C4F007CB096 = {
						CreatedOnToolsVersion = 9.0;
						ProvisioningStyle = Automatic;
						TestTargetID = A62AB4831F836C4E007CB096;
					};
					A62AB4A61F836C4F007CB096 = {
						CreatedOnToolsVersion = 9.0;
						ProvisioningStyle = Automatic;
						TestTargetID = A62AB4831F836C4E007CB096;
					};
				};
			};
			buildConfigurationList = A62AB47F1F836C4E007CB096 /* Build configuration list for PBXProject "SJM3U8DownloadProject" */;
			compatibilityVersion = "Xcode 8.0";
			developmentRegion = en;
			hasScannedForEncodings = 0;
			knownRegions = (
				en,
				Base,
			);
			mainGroup = A62AB47B1F836C4E007CB096;
			productRefGroup = A62AB4851F836C4E007CB096 /* Products */;
			projectDirPath = "";
			projectRoot = "";
			targets = (
				A62AB4831F836C4E007CB096 /* SJM3U8DownloadProject */,
				A62AB49B1F836C4F007CB096 /* SJM3U8DownloadProjectTests */,
				A62AB4A61F836C4F007CB096 /* SJM3U8DownloadProjectUITests */,
			);
		};
/* End PBXProject section */

/* Begin PBXResourcesBuildPhase section */
		A62AB4821F836C4E007CB096 /* Resources */ = {
			isa = PBXResourcesBuildPhase;
			buildActionMask = 2147483647;
			files = (
				A62AB4941F836C4E007CB096 /* LaunchScreen.storyboard in Resources */,
				A62AB4911F836C4E007CB096 /* Assets.xcassets in Resources */,
				A62AB48F1F836C4E007CB096 /* Main.storyboard in Resources */,
			);
			runOnlyForDeploymentPostprocessing = 0;
		};
		A62AB49A1F836C4F007CB096 /* Resources */ = {
			isa = PBXResourcesBuildPhase;
			buildActionMask = 2147483647;
			files = (
			);
			runOnlyForDeploymentPostprocessing = 0;
		};
		A62AB4A51F836C4F007CB096 /* Resources */ = {
			isa = PBXResourcesBuildPhase;
			buildActionMask = 2147483647;
			files = (
			);
			runOnlyForDeploymentPostprocessing = 0;
		};
/* End PBXResourcesBuildPhase section */

/* Begin PBXShellScriptBuildPhase section */
		080C4A49C9D4D75590BFCC8A /* [CP] Check Pods Manifest.lock */ = {
			isa = PBXShellScriptBuildPhase;
			buildActionMask = 2147483647;
			files = (
			);
			inputPaths = (
				"${PODS_PODFILE_DIR_PATH}/Podfile.lock",
				"${PODS_ROOT}/Manifest.lock",
			);
			name = "[CP] Check Pods Manifest.lock";
			outputPaths = (
				"$(DERIVED_FILE_DIR)/Pods-SJM3U8DownloadProjectUITests-checkManifestLockResult.txt",
			);
			runOnlyForDeploymentPostprocessing = 0;
			shellPath = /bin/sh;
			shellScript = "diff \"${PODS_PODFILE_DIR_PATH}/Podfile.lock\" \"${PODS_ROOT}/Manifest.lock\" > /dev/null\nif [ $? != 0 ] ; then\n    # print error to STDERR\n    echo \"error: The sandbox is not in sync with the Podfile.lock. Run 'pod install' or update your CocoaPods installation.\" >&2\n    exit 1\nfi\n# This output is used by Xcode 'outputs' to avoid re-running this script phase.\necho \"SUCCESS\" > \"${SCRIPT_OUTPUT_FILE_0}\"\n";
			showEnvVarsInLog = 0;
		};
		40482155922C7936CDC7DCB5 /* [CP] Check Pods Manifest.lock */ = {
			isa = PBXShellScriptBuildPhase;
			buildActionMask = 2147483647;
			files = (
			);
			inputPaths = (
				"${PODS_PODFILE_DIR_PATH}/Podfile.lock",
				"${PODS_ROOT}/Manifest.lock",
			);
			name = "[CP] Check Pods Manifest.lock";
			outputPaths = (
				"$(DERIVED_FILE_DIR)/Pods-SJM3U8DownloadProjectTests-checkManifestLockResult.txt",
			);
			runOnlyForDeploymentPostprocessing = 0;
			shellPath = /bin/sh;
			shellScript = "diff \"${PODS_PODFILE_DIR_PATH}/Podfile.lock\" \"${PODS_ROOT}/Manifest.lock\" > /dev/null\nif [ $? != 0 ] ; then\n    # print error to STDERR\n    echo \"error: The sandbox is not in sync with the Podfile.lock. Run 'pod install' or update your CocoaPods installation.\" >&2\n    exit 1\nfi\n# This output is used by Xcode 'outputs' to avoid re-running this script phase.\necho \"SUCCESS\" > \"${SCRIPT_OUTPUT_FILE_0}\"\n";
			showEnvVarsInLog = 0;
		};
		43D302A308609E28B87E3292 /* [CP] Embed Pods Frameworks */ = {
			isa = PBXShellScriptBuildPhase;
			buildActionMask = 2147483647;
			files = (
			);
			inputPaths = (
			);
			name = "[CP] Embed Pods Frameworks";
			outputPaths = (
			);
			runOnlyForDeploymentPostprocessing = 0;
			shellPath = /bin/sh;
			shellScript = "\"${SRCROOT}/Pods/Target Support Files/Pods-SJM3U8DownloadProject/Pods-SJM3U8DownloadProject-frameworks.sh\"\n";
			showEnvVarsInLog = 0;
		};
		6117A5DA0B9A81A26CA6318E /* [CP] Copy Pods Resources */ = {
			isa = PBXShellScriptBuildPhase;
			buildActionMask = 2147483647;
			files = (
			);
			inputPaths = (
			);
			name = "[CP] Copy Pods Resources";
			outputPaths = (
			);
			runOnlyForDeploymentPostprocessing = 0;
			shellPath = /bin/sh;
			shellScript = "\"${SRCROOT}/Pods/Target Support Files/Pods-SJM3U8DownloadProject/Pods-SJM3U8DownloadProject-resources.sh\"\n";
			showEnvVarsInLog = 0;
		};
		6670BCAF451C85396EDCC1AB /* [CP] Embed Pods Frameworks */ = {
			isa = PBXShellScriptBuildPhase;
			buildActionMask = 2147483647;
			files = (
			);
			inputPaths = (
			);
			name = "[CP] Embed Pods Frameworks";
			outputPaths = (
			);
			runOnlyForDeploymentPostprocessing = 0;
			shellPath = /bin/sh;
			shellScript = "\"${SRCROOT}/Pods/Target Support Files/Pods-SJM3U8DownloadProjectTests/Pods-SJM3U8DownloadProjectTests-frameworks.sh\"\n";
			showEnvVarsInLog = 0;
		};
		673FE50A258780FD047AA3D4 /* [CP] Copy Pods Resources */ = {
			isa = PBXShellScriptBuildPhase;
			buildActionMask = 2147483647;
			files = (
			);
			inputPaths = (
			);
			name = "[CP] Copy Pods Resources";
			outputPaths = (
			);
			runOnlyForDeploymentPostprocessing = 0;
			shellPath = /bin/sh;
			shellScript = "\"${SRCROOT}/Pods/Target Support Files/Pods-SJM3U8DownloadProjectUITests/Pods-SJM3U8DownloadProjectUITests-resources.sh\"\n";
			showEnvVarsInLog = 0;
		};
		738D2BAD24CB1EC9130BA4DC /* [CP] Copy Pods Resources */ = {
			isa = PBXShellScriptBuildPhase;
			buildActionMask = 2147483647;
			files = (
			);
			inputPaths = (
			);
			name = "[CP] Copy Pods Resources";
			outputPaths = (
			);
			runOnlyForDeploymentPostprocessing = 0;
			shellPath = /bin/sh;
			shellScript = "\"${SRCROOT}/Pods/Target Support Files/Pods-SJM3U8DownloadProjectTests/Pods-SJM3U8DownloadProjectTests-resources.sh\"\n";
			showEnvVarsInLog = 0;
		};
		9227EBD1758BE0541906569C /* [CP] Embed Pods Frameworks */ = {
			isa = PBXShellScriptBuildPhase;
			buildActionMask = 2147483647;
			files = (
			);
			inputPaths = (
			);
			name = "[CP] Embed Pods Frameworks";
			outputPaths = (
			);
			runOnlyForDeploymentPostprocessing = 0;
			shellPath = /bin/sh;
			shellScript = "\"${SRCROOT}/Pods/Target Support Files/Pods-SJM3U8DownloadProjectUITests/Pods-SJM3U8DownloadProjectUITests-frameworks.sh\"\n";
			showEnvVarsInLog = 0;
		};
		DF31D6716EFB0411AA7555E7 /* [CP] Check Pods Manifest.lock */ = {
			isa = PBXShellScriptBuildPhase;
			buildActionMask = 2147483647;
			files = (
			);
			inputPaths = (
				"${PODS_PODFILE_DIR_PATH}/Podfile.lock",
				"${PODS_ROOT}/Manifest.lock",
			);
			name = "[CP] Check Pods Manifest.lock";
			outputPaths = (
				"$(DERIVED_FILE_DIR)/Pods-SJM3U8DownloadProject-checkManifestLockResult.txt",
			);
			runOnlyForDeploymentPostprocessing = 0;
			shellPath = /bin/sh;
			shellScript = "diff \"${PODS_PODFILE_DIR_PATH}/Podfile.lock\" \"${PODS_ROOT}/Manifest.lock\" > /dev/null\nif [ $? != 0 ] ; then\n    # print error to STDERR\n    echo \"error: The sandbox is not in sync with the Podfile.lock. Run 'pod install' or update your CocoaPods installation.\" >&2\n    exit 1\nfi\n# This output is used by Xcode 'outputs' to avoid re-running this script phase.\necho \"SUCCESS\" > \"${SCRIPT_OUTPUT_FILE_0}\"\n";
			showEnvVarsInLog = 0;
		};
/* End PBXShellScriptBuildPhase section */

/* Begin PBXSourcesBuildPhase section */
		A62AB4801F836C4E007CB096 /* Sources */ = {
			isa = PBXSourcesBuildPhase;
			buildActionMask = 2147483647;
			files = (
				A62AB48C1F836C4E007CB096 /* ViewController.m in Sources */,
				A620D47E1F867EED00E2DE51 /* SJDownloadServer.m in Sources */,
				A62AB4971F836C4E007CB096 /* main.m in Sources */,
				A62AB4891F836C4E007CB096 /* AppDelegate.m in Sources */,
				A620D4811F868CB700E2DE51 /* SJTsEntity.m in Sources */,
			);
			runOnlyForDeploymentPostprocessing = 0;
		};
		A62AB4981F836C4F007CB096 /* Sources */ = {
			isa = PBXSourcesBuildPhase;
			buildActionMask = 2147483647;
			files = (
				A62AB4A11F836C4F007CB096 /* SJM3U8DownloadProjectTests.m in Sources */,
			);
			runOnlyForDeploymentPostprocessing = 0;
		};
		A62AB4A31F836C4F007CB096 /* Sources */ = {
			isa = PBXSourcesBuildPhase;
			buildActionMask = 2147483647;
			files = (
				A62AB4AC1F836C4F007CB096 /* SJM3U8DownloadProjectUITests.m in Sources */,
			);
			runOnlyForDeploymentPostprocessing = 0;
		};
/* End PBXSourcesBuildPhase section */

/* Begin PBXTargetDependency section */
		A62AB49E1F836C4F007CB096 /* PBXTargetDependency */ = {
			isa = PBXTargetDependency;
			target = A62AB4831F836C4E007CB096 /* SJM3U8DownloadProject */;
			targetProxy = A62AB49D1F836C4F007CB096 /* PBXContainerItemProxy */;
		};
		A62AB4A91F836C4F007CB096 /* PBXTargetDependency */ = {
			isa = PBXTargetDependency;
			target = A62AB4831F836C4E007CB096 /* SJM3U8DownloadProject */;
			targetProxy = A62AB4A81F836C4F007CB096 /* PBXContainerItemProxy */;
		};
/* End PBXTargetDependency section */

/* Begin PBXVariantGroup section */
		A62AB48D1F836C4E007CB096 /* Main.storyboard */ = {
			isa = PBXVariantGroup;
			children = (
				A62AB48E1F836C4E007CB096 /* Base */,
			);
			name = Main.storyboard;
			sourceTree = "<group>";
		};
		A62AB4921F836C4E007CB096 /* LaunchScreen.storyboard */ = {
			isa = PBXVariantGroup;
			children = (
				A62AB4931F836C4E007CB096 /* Base */,
			);
			name = LaunchScreen.storyboard;
			sourceTree = "<group>";
		};
/* End PBXVariantGroup section */

/* Begin XCBuildConfiguration section */
		A62AB4AE1F836C4F007CB096 /* Debug */ = {
			isa = XCBuildConfiguration;
			buildSettings = {
				ALWAYS_SEARCH_USER_PATHS = NO;
				CLANG_ANALYZER_NONNULL = YES;
				CLANG_ANALYZER_NUMBER_OBJECT_CONVERSION = YES_AGGRESSIVE;
				CLANG_CXX_LANGUAGE_STANDARD = "gnu++14";
				CLANG_CXX_LIBRARY = "libc++";
				CLANG_ENABLE_MODULES = YES;
				CLANG_ENABLE_OBJC_ARC = YES;
				CLANG_WARN_BLOCK_CAPTURE_AUTORELEASING = YES;
				CLANG_WARN_BOOL_CONVERSION = YES;
				CLANG_WARN_COMMA = YES;
				CLANG_WARN_CONSTANT_CONVERSION = YES;
				CLANG_WARN_DIRECT_OBJC_ISA_USAGE = YES_ERROR;
				CLANG_WARN_DOCUMENTATION_COMMENTS = YES;
				CLANG_WARN_EMPTY_BODY = YES;
				CLANG_WARN_ENUM_CONVERSION = YES;
				CLANG_WARN_INFINITE_RECURSION = YES;
				CLANG_WARN_INT_CONVERSION = YES;
				CLANG_WARN_NON_LITERAL_NULL_CONVERSION = YES;
				CLANG_WARN_OBJC_LITERAL_CONVERSION = YES;
				CLANG_WARN_OBJC_ROOT_CLASS = YES_ERROR;
				CLANG_WARN_RANGE_LOOP_ANALYSIS = YES;
				CLANG_WARN_STRICT_PROTOTYPES = YES;
				CLANG_WARN_SUSPICIOUS_MOVE = YES;
				CLANG_WARN_UNGUARDED_AVAILABILITY = YES_AGGRESSIVE;
				CLANG_WARN_UNREACHABLE_CODE = YES;
				CLANG_WARN__DUPLICATE_METHOD_MATCH = YES;
				CODE_SIGN_IDENTITY = "iPhone Developer";
				COPY_PHASE_STRIP = NO;
				DEBUG_INFORMATION_FORMAT = dwarf;
				ENABLE_STRICT_OBJC_MSGSEND = YES;
				ENABLE_TESTABILITY = YES;
				GCC_C_LANGUAGE_STANDARD = gnu11;
				GCC_DYNAMIC_NO_PIC = NO;
				GCC_NO_COMMON_BLOCKS = YES;
				GCC_OPTIMIZATION_LEVEL = 0;
				GCC_PREPROCESSOR_DEFINITIONS = (
					"DEBUG=1",
					"$(inherited)",
				);
				GCC_WARN_64_TO_32_BIT_CONVERSION = YES;
				GCC_WARN_ABOUT_RETURN_TYPE = YES_ERROR;
				GCC_WARN_UNDECLARED_SELECTOR = YES;
				GCC_WARN_UNINITIALIZED_AUTOS = YES_AGGRESSIVE;
				GCC_WARN_UNUSED_FUNCTION = YES;
				GCC_WARN_UNUSED_VARIABLE = YES;
				IPHONEOS_DEPLOYMENT_TARGET = 11.0;
				MTL_ENABLE_DEBUG_INFO = YES;
				ONLY_ACTIVE_ARCH = YES;
				SDKROOT = iphoneos;
			};
			name = Debug;
		};
		A62AB4AF1F836C4F007CB096 /* Release */ = {
			isa = XCBuildConfiguration;
			buildSettings = {
				ALWAYS_SEARCH_USER_PATHS = NO;
				CLANG_ANALYZER_NONNULL = YES;
				CLANG_ANALYZER_NUMBER_OBJECT_CONVERSION = YES_AGGRESSIVE;
				CLANG_CXX_LANGUAGE_STANDARD = "gnu++14";
				CLANG_CXX_LIBRARY = "libc++";
				CLANG_ENABLE_MODULES = YES;
				CLANG_ENABLE_OBJC_ARC = YES;
				CLANG_WARN_BLOCK_CAPTURE_AUTORELEASING = YES;
				CLANG_WARN_BOOL_CONVERSION = YES;
				CLANG_WARN_COMMA = YES;
				CLANG_WARN_CONSTANT_CONVERSION = YES;
				CLANG_WARN_DIRECT_OBJC_ISA_USAGE = YES_ERROR;
				CLANG_WARN_DOCUMENTATION_COMMENTS = YES;
				CLANG_WARN_EMPTY_BODY = YES;
				CLANG_WARN_ENUM_CONVERSION = YES;
				CLANG_WARN_INFINITE_RECURSION = YES;
				CLANG_WARN_INT_CONVERSION = YES;
				CLANG_WARN_NON_LITERAL_NULL_CONVERSION = YES;
				CLANG_WARN_OBJC_LITERAL_CONVERSION = YES;
				CLANG_WARN_OBJC_ROOT_CLASS = YES_ERROR;
				CLANG_WARN_RANGE_LOOP_ANALYSIS = YES;
				CLANG_WARN_STRICT_PROTOTYPES = YES;
				CLANG_WARN_SUSPICIOUS_MOVE = YES;
				CLANG_WARN_UNGUARDED_AVAILABILITY = YES_AGGRESSIVE;
				CLANG_WARN_UNREACHABLE_CODE = YES;
				CLANG_WARN__DUPLICATE_METHOD_MATCH = YES;
				CODE_SIGN_IDENTITY = "iPhone Developer";
				COPY_PHASE_STRIP = NO;
				DEBUG_INFORMATION_FORMAT = "dwarf-with-dsym";
				ENABLE_NS_ASSERTIONS = NO;
				ENABLE_STRICT_OBJC_MSGSEND = YES;
				GCC_C_LANGUAGE_STANDARD = gnu11;
				GCC_NO_COMMON_BLOCKS = YES;
				GCC_WARN_64_TO_32_BIT_CONVERSION = YES;
				GCC_WARN_ABOUT_RETURN_TYPE = YES_ERROR;
				GCC_WARN_UNDECLARED_SELECTOR = YES;
				GCC_WARN_UNINITIALIZED_AUTOS = YES_AGGRESSIVE;
				GCC_WARN_UNUSED_FUNCTION = YES;
				GCC_WARN_UNUSED_VARIABLE = YES;
				IPHONEOS_DEPLOYMENT_TARGET = 11.0;
				MTL_ENABLE_DEBUG_INFO = NO;
				SDKROOT = iphoneos;
				VALIDATE_PRODUCT = YES;
			};
			name = Release;
		};
		A62AB4B11F836C4F007CB096 /* Debug */ = {
			isa = XCBuildConfiguration;
			baseConfigurationReference = 44E9D326E6F453E27EB8FA5D /* Pods-SJM3U8DownloadProject.debug.xcconfig */;
			buildSettings = {
				ASSETCATALOG_COMPILER_APPICON_NAME = AppIcon;
				CODE_SIGN_STYLE = Manual;
				DEVELOPMENT_TEAM = DB5B5F2RH5;
				INFOPLIST_FILE = SJM3U8DownloadProject/Info.plist;
				LD_RUNPATH_SEARCH_PATHS = "$(inherited) @executable_path/Frameworks";
				PRODUCT_BUNDLE_IDENTIFIER = SanJiang.SJM3U8DownloadProject;
				PRODUCT_NAME = "$(TARGET_NAME)";
				PROVISIONING_PROFILE = "acd2453e-e396-4ccf-bf56-508276824c6c";
				PROVISIONING_PROFILE_SPECIFIER = SanJiangDevelopment;
				TARGETED_DEVICE_FAMILY = "1,2";
			};
			name = Debug;
		};
		A62AB4B21F836C4F007CB096 /* Release */ = {
			isa = XCBuildConfiguration;
			baseConfigurationReference = 42CBE9517E4AD1B820DF5DD6 /* Pods-SJM3U8DownloadProject.release.xcconfig */;
			buildSettings = {
				ASSETCATALOG_COMPILER_APPICON_NAME = AppIcon;
				CODE_SIGN_STYLE = Manual;
				DEVELOPMENT_TEAM = DB5B5F2RH5;
				INFOPLIST_FILE = SJM3U8DownloadProject/Info.plist;
				LD_RUNPATH_SEARCH_PATHS = "$(inherited) @executable_path/Frameworks";
				PRODUCT_BUNDLE_IDENTIFIER = SanJiang.SJM3U8DownloadProject;
				PRODUCT_NAME = "$(TARGET_NAME)";
				PROVISIONING_PROFILE = "acd2453e-e396-4ccf-bf56-508276824c6c";
				PROVISIONING_PROFILE_SPECIFIER = SanJiangDevelopment;
				TARGETED_DEVICE_FAMILY = "1,2";
			};
			name = Release;
		};
		A62AB4B41F836C4F007CB096 /* Debug */ = {
			isa = XCBuildConfiguration;
			baseConfigurationReference = 3E663656FC6676D9E1D8128C /* Pods-SJM3U8DownloadProjectTests.debug.xcconfig */;
			buildSettings = {
				BUNDLE_LOADER = "$(TEST_HOST)";
				CODE_SIGN_STYLE = Automatic;
				INFOPLIST_FILE = SJM3U8DownloadProjectTests/Info.plist;
				LD_RUNPATH_SEARCH_PATHS = "$(inherited) @executable_path/Frameworks @loader_path/Frameworks";
				PRODUCT_BUNDLE_IDENTIFIER = SanJiang.SJM3U8DownloadProjectTests;
				PRODUCT_NAME = "$(TARGET_NAME)";
				TARGETED_DEVICE_FAMILY = "1,2";
				TEST_HOST = "$(BUILT_PRODUCTS_DIR)/SJM3U8DownloadProject.app/SJM3U8DownloadProject";
			};
			name = Debug;
		};
		A62AB4B51F836C4F007CB096 /* Release */ = {
			isa = XCBuildConfiguration;
			baseConfigurationReference = A9EF166C98E8311B5C4BFB52 /* Pods-SJM3U8DownloadProjectTests.release.xcconfig */;
			buildSettings = {
				BUNDLE_LOADER = "$(TEST_HOST)";
				CODE_SIGN_STYLE = Automatic;
				INFOPLIST_FILE = SJM3U8DownloadProjectTests/Info.plist;
				LD_RUNPATH_SEARCH_PATHS = "$(inherited) @executable_path/Frameworks @loader_path/Frameworks";
				PRODUCT_BUNDLE_IDENTIFIER = SanJiang.SJM3U8DownloadProjectTests;
				PRODUCT_NAME = "$(TARGET_NAME)";
				TARGETED_DEVICE_FAMILY = "1,2";
				TEST_HOST = "$(BUILT_PRODUCTS_DIR)/SJM3U8DownloadProject.app/SJM3U8DownloadProject";
			};
			name = Release;
		};
		A62AB4B71F836C4F007CB096 /* Debug */ = {
			isa = XCBuildConfiguration;
			baseConfigurationReference = E5E329E521FCAC88508522C7 /* Pods-SJM3U8DownloadProjectUITests.debug.xcconfig */;
			buildSettings = {
				CODE_SIGN_STYLE = Automatic;
				INFOPLIST_FILE = SJM3U8DownloadProjectUITests/Info.plist;
				LD_RUNPATH_SEARCH_PATHS = "$(inherited) @executable_path/Frameworks @loader_path/Frameworks";
				PRODUCT_BUNDLE_IDENTIFIER = SanJiang.SJM3U8DownloadProjectUITests;
				PRODUCT_NAME = "$(TARGET_NAME)";
				TARGETED_DEVICE_FAMILY = "1,2";
				TEST_TARGET_NAME = SJM3U8DownloadProject;
			};
			name = Debug;
		};
		A62AB4B81F836C4F007CB096 /* Release */ = {
			isa = XCBuildConfiguration;
			baseConfigurationReference = 5306FD4CFA5B36577AF04225 /* Pods-SJM3U8DownloadProjectUITests.release.xcconfig */;
			buildSettings = {
				CODE_SIGN_STYLE = Automatic;
				INFOPLIST_FILE = SJM3U8DownloadProjectUITests/Info.plist;
				LD_RUNPATH_SEARCH_PATHS = "$(inherited) @executable_path/Frameworks @loader_path/Frameworks";
				PRODUCT_BUNDLE_IDENTIFIER = SanJiang.SJM3U8DownloadProjectUITests;
				PRODUCT_NAME = "$(TARGET_NAME)";
				TARGETED_DEVICE_FAMILY = "1,2";
				TEST_TARGET_NAME = SJM3U8DownloadProject;
			};
			name = Release;
		};
/* End XCBuildConfiguration section */

/* Begin XCConfigurationList section */
		A62AB47F1F836C4E007CB096 /* Build configuration list for PBXProject "SJM3U8DownloadProject" */ = {
			isa = XCConfigurationList;
			buildConfigurations = (
				A62AB4AE1F836C4F007CB096 /* Debug */,
				A62AB4AF1F836C4F007CB096 /* Release */,
			);
			defaultConfigurationIsVisible = 0;
			defaultConfigurationName = Release;
		};
		A62AB4B01F836C4F007CB096 /* Build configuration list for PBXNativeTarget "SJM3U8DownloadProject" */ = {
			isa = XCConfigurationList;
			buildConfigurations = (
				A62AB4B11F836C4F007CB096 /* Debug */,
				A62AB4B21F836C4F007CB096 /* Release */,
			);
			defaultConfigurationIsVisible = 0;
			defaultConfigurationName = Release;
		};
		A62AB4B31F836C4F007CB096 /* Build configuration list for PBXNativeTarget "SJM3U8DownloadProjectTests" */ = {
			isa = XCConfigurationList;
			buildConfigurations = (
				A62AB4B41F836C4F007CB096 /* Debug */,
				A62AB4B51F836C4F007CB096 /* Release */,
			);
			defaultConfigurationIsVisible = 0;
			defaultConfigurationName = Release;
		};
		A62AB4B61F836C4F007CB096 /* Build configuration list for PBXNativeTarget "SJM3U8DownloadProjectUITests" */ = {
			isa = XCConfigurationList;
			buildConfigurations = (
				A62AB4B71F836C4F007CB096 /* Debug */,
				A62AB4B81F836C4F007CB096 /* Release */,
			);
			defaultConfigurationIsVisible = 0;
			defaultConfigurationName = Release;
		};
/* End XCConfigurationList section */
	};
	rootObject = A62AB47C1F836C4E007CB096 /* Project object */;
}
